// !$*UTF8*$!
{
	archiveVersion = 1;
	classes = {
	};
	objectVersion = 56;
	objects = {

/* Begin PBXBuildFile section */
		7CCB91652AF7578B00182C23 /* ReminderDoneButton.swift in Sources */ = {isa = PBXBuildFile; fileRef = 7CCB91642AF7578B00182C23 /* ReminderDoneButton.swift */; };
		7CCB91672AF758DE00182C23 /* ReminderListViewController+Actions.swift in Sources */ = {isa = PBXBuildFile; fileRef = 7CCB91662AF758DE00182C23 /* ReminderListViewController+Actions.swift */; };
		7CCB917C2AF8A1E000182C23 /* ReminderViewController.swift in Sources */ = {isa = PBXBuildFile; fileRef = 7CCB917B2AF8A1E000182C23 /* ReminderViewController.swift */; };
		7CCB917F2AF8A48400182C23 /* ReminderViewController+Row.swift in Sources */ = {isa = PBXBuildFile; fileRef = 7CCB917E2AF8A48400182C23 /* ReminderViewController+Row.swift */; };
		7CCB91812AF9EDF600182C23 /* ReminderViewController+Section.swift in Sources */ = {isa = PBXBuildFile; fileRef = 7CCB91802AF9EDF600182C23 /* ReminderViewController+Section.swift */; };
		7CCB91832AFC8EC500182C23 /* ReminderViewController+CellConfiguration.swift in Sources */ = {isa = PBXBuildFile; fileRef = 7CCB91822AFC8EC500182C23 /* ReminderViewController+CellConfiguration.swift */; };
		7CCDB0C72AF519B700694FD2 /* AppDelegate.swift in Sources */ = {isa = PBXBuildFile; fileRef = 7CCDB0C62AF519B700694FD2 /* AppDelegate.swift */; };
		7CCDB0C92AF519B700694FD2 /* SceneDelegate.swift in Sources */ = {isa = PBXBuildFile; fileRef = 7CCDB0C82AF519B700694FD2 /* SceneDelegate.swift */; };
		7CCDB0CB2AF519B700694FD2 /* ReminderListViewController.swift in Sources */ = {isa = PBXBuildFile; fileRef = 7CCDB0CA2AF519B700694FD2 /* ReminderListViewController.swift */; };
		7CCDB0CE2AF519B700694FD2 /* Main.storyboard in Resources */ = {isa = PBXBuildFile; fileRef = 7CCDB0CC2AF519B700694FD2 /* Main.storyboard */; };
		7CCDB0D02AF519B900694FD2 /* Assets.xcassets in Resources */ = {isa = PBXBuildFile; fileRef = 7CCDB0CF2AF519B900694FD2 /* Assets.xcassets */; };
		7CCDB0D32AF519B900694FD2 /* LaunchScreen.storyboard in Resources */ = {isa = PBXBuildFile; fileRef = 7CCDB0D12AF519B900694FD2 /* LaunchScreen.storyboard */; };
		7CCDB0DC2AF51F2E00694FD2 /* Reminder.swift in Sources */ = {isa = PBXBuildFile; fileRef = 7CCDB0DB2AF51F2E00694FD2 /* Reminder.swift */; };
		7CCDB0DE2AF60B9800694FD2 /* Date+Today.swift in Sources */ = {isa = PBXBuildFile; fileRef = 7CCDB0DD2AF60B9800694FD2 /* Date+Today.swift */; };
		7CCDB0E12AF62B5A00694FD2 /* ReminderListViewController+DataSource.swift in Sources */ = {isa = PBXBuildFile; fileRef = 7CCDB0E02AF62B5A00694FD2 /* ReminderListViewController+DataSource.swift */; };
		7CCDB0E32AF6317A00694FD2 /* UIColor+Today.swift in Sources */ = {isa = PBXBuildFile; fileRef = 7CCDB0E22AF6317A00694FD2 /* UIColor+Today.swift */; };
/* End PBXBuildFile section */

/* Begin PBXFileReference section */
		7CCB91642AF7578B00182C23 /* ReminderDoneButton.swift */ = {isa = PBXFileReference; lastKnownFileType = sourcecode.swift; path = ReminderDoneButton.swift; sourceTree = "<group>"; };
		7CCB91662AF758DE00182C23 /* ReminderListViewController+Actions.swift */ = {isa = PBXFileReference; lastKnownFileType = sourcecode.swift; path = "ReminderListViewController+Actions.swift"; sourceTree = "<group>"; };
		7CCB917B2AF8A1E000182C23 /* ReminderViewController.swift */ = {isa = PBXFileReference; lastKnownFileType = sourcecode.swift; path = ReminderViewController.swift; sourceTree = "<group>"; };
		7CCB917E2AF8A48400182C23 /* ReminderViewController+Row.swift */ = {isa = PBXFileReference; lastKnownFileType = sourcecode.swift; path = "ReminderViewController+Row.swift"; sourceTree = "<group>"; };
		7CCB91802AF9EDF600182C23 /* ReminderViewController+Section.swift */ = {isa = PBXFileReference; lastKnownFileType = sourcecode.swift; path = "ReminderViewController+Section.swift"; sourceTree = "<group>"; };
		7CCB91822AFC8EC500182C23 /* ReminderViewController+CellConfiguration.swift */ = {isa = PBXFileReference; lastKnownFileType = sourcecode.swift; path = "ReminderViewController+CellConfiguration.swift"; sourceTree = "<group>"; };
		7CCDB0C32AF519B700694FD2 /* Today.app */ = {isa = PBXFileReference; explicitFileType = wrapper.application; includeInIndex = 0; path = Today.app; sourceTree = BUILT_PRODUCTS_DIR; };
		7CCDB0C62AF519B700694FD2 /* AppDelegate.swift */ = {isa = PBXFileReference; lastKnownFileType = sourcecode.swift; path = AppDelegate.swift; sourceTree = "<group>"; };
		7CCDB0C82AF519B700694FD2 /* SceneDelegate.swift */ = {isa = PBXFileReference; lastKnownFileType = sourcecode.swift; path = SceneDelegate.swift; sourceTree = "<group>"; };
		7CCDB0CA2AF519B700694FD2 /* ReminderListViewController.swift */ = {isa = PBXFileReference; lastKnownFileType = sourcecode.swift; path = ReminderListViewController.swift; sourceTree = "<group>"; };
		7CCDB0CD2AF519B700694FD2 /* Base */ = {isa = PBXFileReference; lastKnownFileType = file.storyboard; name = Base; path = Base.lproj/Main.storyboard; sourceTree = "<group>"; };
		7CCDB0CF2AF519B900694FD2 /* Assets.xcassets */ = {isa = PBXFileReference; lastKnownFileType = folder.assetcatalog; path = Assets.xcassets; sourceTree = "<group>"; };
		7CCDB0D22AF519B900694FD2 /* Base */ = {isa = PBXFileReference; lastKnownFileType = file.storyboard; name = Base; path = Base.lproj/LaunchScreen.storyboard; sourceTree = "<group>"; };
		7CCDB0D42AF519B900694FD2 /* Info.plist */ = {isa = PBXFileReference; lastKnownFileType = text.plist.xml; path = Info.plist; sourceTree = "<group>"; };
		7CCDB0DB2AF51F2E00694FD2 /* Reminder.swift */ = {isa = PBXFileReference; lastKnownFileType = sourcecode.swift; path = Reminder.swift; sourceTree = "<group>"; };
		7CCDB0DD2AF60B9800694FD2 /* Date+Today.swift */ = {isa = PBXFileReference; lastKnownFileType = sourcecode.swift; path = "Date+Today.swift"; sourceTree = "<group>"; };
		7CCDB0E02AF62B5A00694FD2 /* ReminderListViewController+DataSource.swift */ = {isa = PBXFileReference; lastKnownFileType = sourcecode.swift; path = "ReminderListViewController+DataSource.swift"; sourceTree = "<group>"; };
		7CCDB0E22AF6317A00694FD2 /* UIColor+Today.swift */ = {isa = PBXFileReference; lastKnownFileType = sourcecode.swift; path = "UIColor+Today.swift"; sourceTree = "<group>"; };
/* End PBXFileReference section */

/* Begin PBXFrameworksBuildPhase section */
		7CCDB0C02AF519B700694FD2 /* Frameworks */ = {
			isa = PBXFrameworksBuildPhase;
			buildActionMask = 2147483647;
			files = (
			);
			runOnlyForDeploymentPostprocessing = 0;
		};
/* End PBXFrameworksBuildPhase section */

/* Begin PBXGroup section */
		7CCB917D2AF8A45000182C23 /* DetailViewController */ = {
			isa = PBXGroup;
			children = (
				7CCB917B2AF8A1E000182C23 /* ReminderViewController.swift */,
				7CCB917E2AF8A48400182C23 /* ReminderViewController+Row.swift */,
				7CCB91802AF9EDF600182C23 /* ReminderViewController+Section.swift */,
				7CCB91822AFC8EC500182C23 /* ReminderViewController+CellConfiguration.swift */,
			);
			path = DetailViewController;
			sourceTree = "<group>";
		};
		7CCDB0BA2AF519B700694FD2 = {
			isa = PBXGroup;
			children = (
				7CCDB0C52AF519B700694FD2 /* Today */,
				7CCDB0C42AF519B700694FD2 /* Products */,
			);
			sourceTree = "<group>";
		};
		7CCDB0C42AF519B700694FD2 /* Products */ = {
			isa = PBXGroup;
			children = (
				7CCDB0C32AF519B700694FD2 /* Today.app */,
			);
			name = Products;
			sourceTree = "<group>";
		};
		7CCDB0C52AF519B700694FD2 /* Today */ = {
			isa = PBXGroup;
			children = (
				7CCDB0C62AF519B700694FD2 /* AppDelegate.swift */,
				7CCDB0C82AF519B700694FD2 /* SceneDelegate.swift */,
				7CCDB0DA2AF51EEC00694FD2 /* Models */,
				7CCB917D2AF8A45000182C23 /* DetailViewController */,
				7CCDB0DF2AF62B2600694FD2 /* ListViewController */,
				7CCDB0CC2AF519B700694FD2 /* Main.storyboard */,
				7CCDB0CF2AF519B900694FD2 /* Assets.xcassets */,
				7CCDB0D12AF519B900694FD2 /* LaunchScreen.storyboard */,
				7CCDB0D42AF519B900694FD2 /* Info.plist */,
			);
			path = Today;
			sourceTree = "<group>";
		};
		7CCDB0DA2AF51EEC00694FD2 /* Models */ = {
			isa = PBXGroup;
			children = (
				7CCDB0DB2AF51F2E00694FD2 /* Reminder.swift */,
				7CCDB0DD2AF60B9800694FD2 /* Date+Today.swift */,
				7CCDB0E22AF6317A00694FD2 /* UIColor+Today.swift */,
			);
			path = Models;
			sourceTree = "<group>";
		};
		7CCDB0DF2AF62B2600694FD2 /* ListViewController */ = {
			isa = PBXGroup;
			children = (
				7CCDB0CA2AF519B700694FD2 /* ReminderListViewController.swift */,
				7CCDB0E02AF62B5A00694FD2 /* ReminderListViewController+DataSource.swift */,
				7CCB91662AF758DE00182C23 /* ReminderListViewController+Actions.swift */,
				7CCB91642AF7578B00182C23 /* ReminderDoneButton.swift */,
			);
			path = ListViewController;
			sourceTree = "<group>";
		};
/* End PBXGroup section */

/* Begin PBXNativeTarget section */
		7CCDB0C22AF519B700694FD2 /* Today */ = {
			isa = PBXNativeTarget;
			buildConfigurationList = 7CCDB0D72AF519B900694FD2 /* Build configuration list for PBXNativeTarget "Today" */;
			buildPhases = (
				7CCDB0BF2AF519B700694FD2 /* Sources */,
				7CCDB0C02AF519B700694FD2 /* Frameworks */,
				7CCDB0C12AF519B700694FD2 /* Resources */,
			);
			buildRules = (
			);
			dependencies = (
			);
			name = Today;
			productName = Today;
			productReference = 7CCDB0C32AF519B700694FD2 /* Today.app */;
			productType = "com.apple.product-type.application";
		};
/* End PBXNativeTarget section */

/* Begin PBXProject section */
		7CCDB0BB2AF519B700694FD2 /* Project object */ = {
			isa = PBXProject;
			attributes = {
				BuildIndependentTargetsInParallel = 1;
				LastSwiftUpdateCheck = 1400;
				LastUpgradeCheck = 1400;
				TargetAttributes = {
					7CCDB0C22AF519B700694FD2 = {
						CreatedOnToolsVersion = 14.0.1;
					};
				};
			};
			buildConfigurationList = 7CCDB0BE2AF519B700694FD2 /* Build configuration list for PBXProject "Today" */;
			compatibilityVersion = "Xcode 14.0";
			developmentRegion = en;
			hasScannedForEncodings = 0;
			knownRegions = (
				en,
				Base,
			);
			mainGroup = 7CCDB0BA2AF519B700694FD2;
			productRefGroup = 7CCDB0C42AF519B700694FD2 /* Products */;
			projectDirPath = "";
			projectRoot = "";
			targets = (
				7CCDB0C22AF519B700694FD2 /* Today */,
			);
		};
/* End PBXProject section */

/* Begin PBXResourcesBuildPhase section */
		7CCDB0C12AF519B700694FD2 /* Resources */ = {
			isa = PBXResourcesBuildPhase;
			buildActionMask = 2147483647;
			files = (
				7CCDB0D32AF519B900694FD2 /* LaunchScreen.storyboard in Resources */,
				7CCDB0D02AF519B900694FD2 /* Assets.xcassets in Resources */,
				7CCDB0CE2AF519B700694FD2 /* Main.storyboard in Resources */,
			);
			runOnlyForDeploymentPostprocessing = 0;
		};
/* End PBXResourcesBuildPhase section */

/* Begin PBXSourcesBuildPhase section */
		7CCDB0BF2AF519B700694FD2 /* Sources */ = {
			isa = PBXSourcesBuildPhase;
			buildActionMask = 2147483647;
			files = (
				7CCB91812AF9EDF600182C23 /* ReminderViewController+Section.swift in Sources */,
				7CCDB0E32AF6317A00694FD2 /* UIColor+Today.swift in Sources */,
				7CCB91672AF758DE00182C23 /* ReminderListViewController+Actions.swift in Sources */,
				7CCB917C2AF8A1E000182C23 /* ReminderViewController.swift in Sources */,
				7CCDB0CB2AF519B700694FD2 /* ReminderListViewController.swift in Sources */,
				7CCDB0DE2AF60B9800694FD2 /* Date+Today.swift in Sources */,
				7CCB917F2AF8A48400182C23 /* ReminderViewController+Row.swift in Sources */,
				7CCB91652AF7578B00182C23 /* ReminderDoneButton.swift in Sources */,
				7CCDB0C72AF519B700694FD2 /* AppDelegate.swift in Sources */,
				7CCB91832AFC8EC500182C23 /* ReminderViewController+CellConfiguration.swift in Sources */,
				7CCDB0C92AF519B700694FD2 /* SceneDelegate.swift in Sources */,
				7CCDB0DC2AF51F2E00694FD2 /* Reminder.swift in Sources */,
				7CCDB0E12AF62B5A00694FD2 /* ReminderListViewController+DataSource.swift in Sources */,
			);
			runOnlyForDeploymentPostprocessing = 0;
		};
/* End PBXSourcesBuildPhase section */

/* Begin PBXVariantGroup section */
		7CCDB0CC2AF519B700694FD2 /* Main.storyboard */ = {
			isa = PBXVariantGroup;
			children = (
				7CCDB0CD2AF519B700694FD2 /* Base */,
			);
			name = Main.storyboard;
			sourceTree = "<group>";
		};
		7CCDB0D12AF519B900694FD2 /* LaunchScreen.storyboard */ = {
			isa = PBXVariantGroup;
			children = (
				7CCDB0D22AF519B900694FD2 /* Base */,
			);
			name = LaunchScreen.storyboard;
			sourceTree = "<group>";
		};
/* End PBXVariantGroup section */

/* Begin XCBuildConfiguration section */
		7CCDB0D52AF519B900694FD2 /* Debug */ = {
			isa = XCBuildConfiguration;
			buildSettings = {
				ALWAYS_SEARCH_USER_PATHS = NO;
				CLANG_ANALYZER_NONNULL = YES;
				CLANG_ANALYZER_NUMBER_OBJECT_CONVERSION = YES_AGGRESSIVE;
				CLANG_CXX_LANGUAGE_STANDARD = "gnu++20";
				CLANG_ENABLE_MODULES = YES;
				CLANG_ENABLE_OBJC_ARC = YES;
				CLANG_ENABLE_OBJC_WEAK = YES;
				CLANG_WARN_BLOCK_CAPTURE_AUTORELEASING = YES;
				CLANG_WARN_BOOL_CONVERSION = YES;
				CLANG_WARN_COMMA = YES;
				CLANG_WARN_CONSTANT_CONVERSION = YES;
				CLANG_WARN_DEPRECATED_OBJC_IMPLEMENTATIONS = YES;
				CLANG_WARN_DIRECT_OBJC_ISA_USAGE = YES_ERROR;
				CLANG_WARN_DOCUMENTATION_COMMENTS = YES;
				CLANG_WARN_EMPTY_BODY = YES;
				CLANG_WARN_ENUM_CONVERSION = YES;
				CLANG_WARN_INFINITE_RECURSION = YES;
				CLANG_WARN_INT_CONVERSION = YES;
				CLANG_WARN_NON_LITERAL_NULL_CONVERSION = YES;
				CLANG_WARN_OBJC_IMPLICIT_RETAIN_SELF = YES;
				CLANG_WARN_OBJC_LITERAL_CONVERSION = YES;
				CLANG_WARN_OBJC_ROOT_CLASS = YES_ERROR;
				CLANG_WARN_QUOTED_INCLUDE_IN_FRAMEWORK_HEADER = YES;
				CLANG_WARN_RANGE_LOOP_ANALYSIS = YES;
				CLANG_WARN_STRICT_PROTOTYPES = YES;
				CLANG_WARN_SUSPICIOUS_MOVE = YES;
				CLANG_WARN_UNGUARDED_AVAILABILITY = YES_AGGRESSIVE;
				CLANG_WARN_UNREACHABLE_CODE = YES;
				CLANG_WARN__DUPLICATE_METHOD_MATCH = YES;
				COPY_PHASE_STRIP = NO;
				DEBUG_INFORMATION_FORMAT = dwarf;
				ENABLE_STRICT_OBJC_MSGSEND = YES;
				ENABLE_TESTABILITY = YES;
				GCC_C_LANGUAGE_STANDARD = gnu11;
				GCC_DYNAMIC_NO_PIC = NO;
				GCC_NO_COMMON_BLOCKS = YES;
				GCC_OPTIMIZATION_LEVEL = 0;
				GCC_PREPROCESSOR_DEFINITIONS = (
					"DEBUG=1",
					"$(inherited)",
				);
				GCC_WARN_64_TO_32_BIT_CONVERSION = YES;
				GCC_WARN_ABOUT_RETURN_TYPE = YES_ERROR;
				GCC_WARN_UNDECLARED_SELECTOR = YES;
				GCC_WARN_UNINITIALIZED_AUTOS = YES_AGGRESSIVE;
				GCC_WARN_UNUSED_FUNCTION = YES;
				GCC_WARN_UNUSED_VARIABLE = YES;
				IPHONEOS_DEPLOYMENT_TARGET = 16.0;
				MTL_ENABLE_DEBUG_INFO = INCLUDE_SOURCE;
				MTL_FAST_MATH = YES;
				ONLY_ACTIVE_ARCH = YES;
				SDKROOT = iphoneos;
				SWIFT_ACTIVE_COMPILATION_CONDITIONS = DEBUG;
				SWIFT_OPTIMIZATION_LEVEL = "-Onone";
			};
			name = Debug;
		};
		7CCDB0D62AF519B900694FD2 /* Release */ = {
			isa = XCBuildConfiguration;
			buildSettings = {
				ALWAYS_SEARCH_USER_PATHS = NO;
				CLANG_ANALYZER_NONNULL = YES;
				CLANG_ANALYZER_NUMBER_OBJECT_CONVERSION = YES_AGGRESSIVE;
				CLANG_CXX_LANGUAGE_STANDARD = "gnu++20";
				CLANG_ENABLE_MODULES = YES;
				CLANG_ENABLE_OBJC_ARC = YES;
				CLANG_ENABLE_OBJC_WEAK = YES;
				CLANG_WARN_BLOCK_CAPTURE_AUTORELEASING = YES;
				CLANG_WARN_BOOL_CONVERSION = YES;
				CLANG_WARN_COMMA = YES;
				CLANG_WARN_CONSTANT_CONVERSION = YES;
				CLANG_WARN_DEPRECATED_OBJC_IMPLEMENTATIONS = YES;
				CLANG_WARN_DIRECT_OBJC_ISA_USAGE = YES_ERROR;
				CLANG_WARN_DOCUMENTATION_COMMENTS = YES;
				CLANG_WARN_EMPTY_BODY = YES;
				CLANG_WARN_ENUM_CONVERSION = YES;
				CLANG_WARN_INFINITE_RECURSION = YES;
				CLANG_WARN_INT_CONVERSION = YES;
				CLANG_WARN_NON_LITERAL_NULL_CONVERSION = YES;
				CLANG_WARN_OBJC_IMPLICIT_RETAIN_SELF = YES;
				CLANG_WARN_OBJC_LITERAL_CONVERSION = YES;
				CLANG_WARN_OBJC_ROOT_CLASS = YES_ERROR;
				CLANG_WARN_QUOTED_INCLUDE_IN_FRAMEWORK_HEADER = YES;
				CLANG_WARN_RANGE_LOOP_ANALYSIS = YES;
				CLANG_WARN_STRICT_PROTOTYPES = YES;
				CLANG_WARN_SUSPICIOUS_MOVE = YES;
				CLANG_WARN_UNGUARDED_AVAILABILITY = YES_AGGRESSIVE;
				CLANG_WARN_UNREACHABLE_CODE = YES;
				CLANG_WARN__DUPLICATE_METHOD_MATCH = YES;
				COPY_PHASE_STRIP = NO;
				DEBUG_INFORMATION_FORMAT = "dwarf-with-dsym";
				ENABLE_NS_ASSERTIONS = NO;
				ENABLE_STRICT_OBJC_MSGSEND = YES;
				GCC_C_LANGUAGE_STANDARD = gnu11;
				GCC_NO_COMMON_BLOCKS = YES;
				GCC_WARN_64_TO_32_BIT_CONVERSION = YES;
				GCC_WARN_ABOUT_RETURN_TYPE = YES_ERROR;
				GCC_WARN_UNDECLARED_SELECTOR = YES;
				GCC_WARN_UNINITIALIZED_AUTOS = YES_AGGRESSIVE;
				GCC_WARN_UNUSED_FUNCTION = YES;
				GCC_WARN_UNUSED_VARIABLE = YES;
				IPHONEOS_DEPLOYMENT_TARGET = 16.0;
				MTL_ENABLE_DEBUG_INFO = NO;
				MTL_FAST_MATH = YES;
				SDKROOT = iphoneos;
				SWIFT_COMPILATION_MODE = wholemodule;
				SWIFT_OPTIMIZATION_LEVEL = "-O";
				VALIDATE_PRODUCT = YES;
			};
			name = Release;
		};
		7CCDB0D82AF519B900694FD2 /* Debug */ = {
			isa = XCBuildConfiguration;
			buildSettings = {
				ASSETCATALOG_COMPILER_APPICON_NAME = AppIcon;
				ASSETCATALOG_COMPILER_GLOBAL_ACCENT_COLOR_NAME = AccentColor;
				CODE_SIGN_STYLE = Automatic;
				CURRENT_PROJECT_VERSION = 1;
				DEVELOPMENT_TEAM = Y395B6BXRW;
				GENERATE_INFOPLIST_FILE = YES;
				INFOPLIST_FILE = Today/Info.plist;
				INFOPLIST_KEY_UIApplicationSupportsIndirectInputEvents = YES;
				INFOPLIST_KEY_UILaunchStoryboardName = LaunchScreen;
				INFOPLIST_KEY_UIMainStoryboardFile = Main;
				INFOPLIST_KEY_UISupportedInterfaceOrientations_iPad = "UIInterfaceOrientationPortrait UIInterfaceOrientationPortraitUpsideDown UIInterfaceOrientationLandscapeLeft UIInterfaceOrientationLandscapeRight";
				INFOPLIST_KEY_UISupportedInterfaceOrientations_iPhone = "UIInterfaceOrientationPortrait UIInterfaceOrientationLandscapeLeft UIInterfaceOrientationLandscapeRight";
				LD_RUNPATH_SEARCH_PATHS = (
					"$(inherited)",
					"@executable_path/Frameworks",
				);
				MARKETING_VERSION = 1.0;
				PRODUCT_BUNDLE_IDENTIFIER = com.gwg.www.Today;
				PRODUCT_NAME = "$(TARGET_NAME)";
				SWIFT_EMIT_LOC_STRINGS = YES;
				SWIFT_VERSION = 5.0;
				TARGETED_DEVICE_FAMILY = "1,2";
			};
			name = Debug;
		};
		7CCDB0D92AF519B900694FD2 /* Release */ = {
			isa = XCBuildConfiguration;
			buildSettings = {
				ASSETCATALOG_COMPILER_APPICON_NAME = AppIcon;
				ASSETCATALOG_COMPILER_GLOBAL_ACCENT_COLOR_NAME = AccentColor;
				CODE_SIGN_STYLE = Automatic;
				CURRENT_PROJECT_VERSION = 1;
				DEVELOPMENT_TEAM = Y395B6BXRW;
				GENERATE_INFOPLIST_FILE = YES;
				INFOPLIST_FILE = Today/Info.plist;
				INFOPLIST_KEY_UIApplicationSupportsIndirectInputEvents = YES;
				INFOPLIST_KEY_UILaunchStoryboardName = LaunchScreen;
				INFOPLIST_KEY_UIMainStoryboardFile = Main;
				INFOPLIST_KEY_UISupportedInterfaceOrientations_iPad = "UIInterfaceOrientationPortrait UIInterfaceOrientationPortraitUpsideDown UIInterfaceOrientationLandscapeLeft UIInterfaceOrientationLandscapeRight";
				INFOPLIST_KEY_UISupportedInterfaceOrientations_iPhone = "UIInterfaceOrientationPortrait UIInterfaceOrientationLandscapeLeft UIInterfaceOrientationLandscapeRight";
				LD_RUNPATH_SEARCH_PATHS = (
					"$(inherited)",
					"@executable_path/Frameworks",
				);
				MARKETING_VERSION = 1.0;
				PRODUCT_BUNDLE_IDENTIFIER = com.gwg.www.Today;
				PRODUCT_NAME = "$(TARGET_NAME)";
				SWIFT_EMIT_LOC_STRINGS = YES;
				SWIFT_VERSION = 5.0;
				TARGETED_DEVICE_FAMILY = "1,2";
			};
			name = Release;
		};
/* End XCBuildConfiguration section */

/* Begin XCConfigurationList section */
		7CCDB0BE2AF519B700694FD2 /* Build configuration list for PBXProject "Today" */ = {
			isa = XCConfigurationList;
			buildConfigurations = (
				7CCDB0D52AF519B900694FD2 /* Debug */,
				7CCDB0D62AF519B900694FD2 /* Release */,
			);
			defaultConfigurationIsVisible = 0;
			defaultConfigurationName = Release;
		};
		7CCDB0D72AF519B900694FD2 /* Build configuration list for PBXNativeTarget "Today" */ = {
			isa = XCConfigurationList;
			buildConfigurations = (
				7CCDB0D82AF519B900694FD2 /* Debug */,
				7CCDB0D92AF519B900694FD2 /* Release */,
			);
			defaultConfigurationIsVisible = 0;
			defaultConfigurationName = Release;
		};
/* End XCConfigurationList section */
	};
	rootObject = 7CCDB0BB2AF519B700694FD2 /* Project object */;
}
